PODS:
  - AAInfographics (6.0.0)
  - FSCalendar (2.8.2)
  - IQKeyboardManagerSwift (6.5.6)
  - Realm (10.5.0):
    - Realm/Headers (= 10.5.0)
  - Realm/Headers (10.5.0)
  - RealmSwift (10.5.0):
    - Realm (= 10.5.0)

DEPENDENCIES:
  - AAInfographics
  - FSCalendar
  - IQKeyboardManagerSwift
  - RealmSwift

SPEC REPOS:
  trunk:
    - AAInfographics
    - FSCalendar
    - IQKeyboardManagerSwift
    - Realm
    - RealmSwift

SPEC CHECKSUMS:
  AAInfographics: e57c6cc15ddc17df3555db6f586fb0e1b911a0b7
  FSCalendar: e6a2eb9c571bf0719ed797ef807e08426753c241
  IQKeyboardManagerSwift: c7df9d2deb356c04522f5c4b7b6e4ce4d8ed94fe
  Realm: e1c22c3d83b229afb70ebc10e1771c91e9542d12
  RealmSwift: 6fc078d9d3fd7e58c71bfdbb694e252462f112a5

PODFILE CHECKSUM: 245af666c16429d5438a168f8d37ce388df50bf1

COCOAPODS: 1.10.0
