PODS:
  - Charts (3.6.0):
    - Charts/Core (= 3.6.0)
  - Charts/Core (3.6.0)
  - FSCalendar (2.8.2)
  - IQKeyboardManagerSwift (6.5.6)
  - Purchases (3.12.4):
    - PurchasesCoreSwift (= 3.12.4)
  - PurchasesCoreSwift (3.12.4)
  - Realm (10.5.0):
    - Realm/Headers (= 10.5.0)
  - Realm/Headers (10.5.0)
  - RealmSwift (10.5.0):
    - Realm (= 10.5.0)
  - SwiftReorder (7.2.0)
  - SwipeCellKit (2.7.1)

DEPENDENCIES:
  - Charts
  - FSCalendar
  - IQKeyboardManagerSwift
  - Purchases
  - RealmSwift
  - SwiftReorder (~> 7.2)
  - SwipeCellKit

SPEC REPOS:
  trunk:
    - Charts
    - FSCalendar
    - IQKeyboardManagerSwift
    - Purchases
    - PurchasesCoreSwift
    - Realm
    - RealmSwift
    - SwiftReorder
    - SwipeCellKit

SPEC CHECKSUMS:
  Charts: b1e3a1f5a1c9ba5394438ca3b91bd8c9076310af
  FSCalendar: e6a2eb9c571bf0719ed797ef807e08426753c241
  IQKeyboardManagerSwift: c7df9d2deb356c04522f5c4b7b6e4ce4d8ed94fe
  Purchases: c451e29e3ceefaa8e7926a0d0d831b0f0ff39e32
  PurchasesCoreSwift: c276d8c8df495271afebb0b090ec35117a0a827f
  Realm: e1c22c3d83b229afb70ebc10e1771c91e9542d12
  RealmSwift: 6fc078d9d3fd7e58c71bfdbb694e252462f112a5
  SwiftReorder: d687883abf5f2327268e006b038025a6fc515e34
  SwipeCellKit: 3972254a826da74609926daf59b08d6c72e619ea

PODFILE CHECKSUM: 04c23167089de8122b9e39701e08c537b3fb3d5b

COCOAPODS: 1.10.0
