// !$*UTF8*$!
{
	archiveVersion = 1;
	classes = {
	};
	objectVersion = 51;
	objects = {

/* Begin PBXBuildFile section */
		4A03F1724520B9252C8110FC /* Pods_CashApp.framework in Frameworks */ = {isa = PBXBuildFile; fileRef = BC0B5D0B512592E1234414A8 /* Pods_CashApp.framework */; };
		75051EEA26AAEC7000B9CC5F /* Checkmark.swift in Sources */ = {isa = PBXBuildFile; fileRef = 75051EE926AAEC7000B9CC5F /* Checkmark.swift */; };
		7507A61A253BAA2D0029EF44 /* ModelController.swift in Sources */ = {isa = PBXBuildFile; fileRef = 7507A619253BAA2D0029EF44 /* ModelController.swift */; };
		750888A7268764260037C804 /* CalendarSchedulerViewController.swift in Sources */ = {isa = PBXBuildFile; fileRef = 750888A6268764260037C804 /* CalendarSchedulerViewController.swift */; };
		750888AA26877E710037C804 /* SchedulerTableViewCell.swift in Sources */ = {isa = PBXBuildFile; fileRef = 750888A826877E700037C804 /* SchedulerTableViewCell.swift */; };
		750888AB26877E710037C804 /* SchedulerTableViewCell.xib in Resources */ = {isa = PBXBuildFile; fileRef = 750888A926877E710037C804 /* SchedulerTableViewCell.xib */; };
		7509C5952603675D00BD34D4 /* CustomProgressBar.swift in Sources */ = {isa = PBXBuildFile; fileRef = 7509C5942603675D00BD34D4 /* CustomProgressBar.swift */; };
		750EF5D926A7FBBF000FF9D2 /* CreateOperationCell.swift in Sources */ = {isa = PBXBuildFile; fileRef = 750EF5D726A7FBBF000FF9D2 /* CreateOperationCell.swift */; };
		750EF5DA26A7FBBF000FF9D2 /* CreateOperationCell.xib in Resources */ = {isa = PBXBuildFile; fileRef = 750EF5D826A7FBBF000FF9D2 /* CreateOperationCell.xib */; };
		7510F83E2509A87600030A52 /* CategoriesViewController.swift in Sources */ = {isa = PBXBuildFile; fileRef = 7510F83D2509A87600030A52 /* CategoriesViewController.swift */; };
		7522652E24D1D55700D30CD6 /* Model.swift in Sources */ = {isa = PBXBuildFile; fileRef = 7522652D24D1D55700D30CD6 /* Model.swift */; };
		7523BD322697F67400F00762 /* MiniAlertView.xib in Resources */ = {isa = PBXBuildFile; fileRef = 7523BD312697F67400F00762 /* MiniAlertView.xib */; };
		7523BD342697F6B400F00762 /* MiniAlertView.swift in Sources */ = {isa = PBXBuildFile; fileRef = 7523BD332697F6B400F00762 /* MiniAlertView.swift */; };
		75262B27268E6B7E00D7F38E /* CircleView.swift in Sources */ = {isa = PBXBuildFile; fileRef = 75262B26268E6B7E00D7F38E /* CircleView.swift */; };
		7527E187261F7F4500DEF5AD /* AddScheduleViewController.swift in Sources */ = {isa = PBXBuildFile; fileRef = 7527E186261F7F4500DEF5AD /* AddScheduleViewController.swift */; };
		7528447C2695701400699B0E /* EditScheduler.swift in Sources */ = {isa = PBXBuildFile; fileRef = 7528447B2695701400699B0E /* EditScheduler.swift */; };
		7529F98E267493EE00087F46 /* ThemeManager.swift in Sources */ = {isa = PBXBuildFile; fileRef = 7529F98D267493EE00087F46 /* ThemeManager.swift */; };
		753180AE258A235200AC6B7A /* PickTypePopUpTableViewController.swift in Sources */ = {isa = PBXBuildFile; fileRef = 753180AD258A235100AC6B7A /* PickTypePopUpTableViewController.swift */; };
		7537E58025DEF0730019768C /* QuickTableView.swift in Sources */ = {isa = PBXBuildFile; fileRef = 7537E57F25DEF0730019768C /* QuickTableView.swift */; };
		7539D3CB2637962A00A966BB /* PopTableViewCell.swift in Sources */ = {isa = PBXBuildFile; fileRef = 7539D3C92637962A00A966BB /* PopTableViewCell.swift */; };
		7539D3CC2637962A00A966BB /* SelectDateTableViewCell.xib in Resources */ = {isa = PBXBuildFile; fileRef = 7539D3CA2637962A00A966BB /* SelectDateTableViewCell.xib */; };
		753EACAE268E388000860745 /* TodayBalanceTableViewCell.swift in Sources */ = {isa = PBXBuildFile; fileRef = 753EACAC268E388000860745 /* TodayBalanceTableViewCell.swift */; };
		753EACAF268E388100860745 /* TodayBalanceTableViewCell.xib in Resources */ = {isa = PBXBuildFile; fileRef = 753EACAD268E388000860745 /* TodayBalanceTableViewCell.xib */; };
		753EACB2268E619500860745 /* DIYCalendarCell.swift in Sources */ = {isa = PBXBuildFile; fileRef = 753EACB1268E619500860745 /* DIYCalendarCell.swift */; };
		7545C91C25AFD06000042332 /* AccountsHistory.swift in Sources */ = {isa = PBXBuildFile; fileRef = 7545C91B25AFD06000042332 /* AccountsHistory.swift */; };
		7545E1B1255C45F600454803 /* LineChartContainerViewController.swift in Sources */ = {isa = PBXBuildFile; fileRef = 7545E1B0255C45F600454803 /* LineChartContainerViewController.swift */; };
		754D66ED2631C90C00B2383C /* PopUpTableViewController.swift in Sources */ = {isa = PBXBuildFile; fileRef = 754D66EC2631C90C00B2383C /* PopUpTableViewController.swift */; };
		754F15EE2667A9F8002250BB /* EnlargeTableView.swift in Sources */ = {isa = PBXBuildFile; fileRef = 754F15ED2667A9F8002250BB /* EnlargeTableView.swift */; };
		754F15F12667AA3C002250BB /* EnlargeTableViewCell.swift in Sources */ = {isa = PBXBuildFile; fileRef = 754F15F02667AA3C002250BB /* EnlargeTableViewCell.swift */; };
		754F15F326681A44002250BB /* EnlargeSecondTableViewCell.swift in Sources */ = {isa = PBXBuildFile; fileRef = 754F15F226681A44002250BB /* EnlargeSecondTableViewCell.swift */; };
		7552BFE626169CBC00BACB65 /* MainTabBarController.swift in Sources */ = {isa = PBXBuildFile; fileRef = 7552BFE526169CBC00BACB65 /* MainTabBarController.swift */; };
		7559A48326C7D4E800EDF287 /* Localizable.strings in Resources */ = {isa = PBXBuildFile; fileRef = 7559A48526C7D4E800EDF287 /* Localizable.strings */; };
		755C89A026C1ABC100C6581A /* currencyDropAndDrag.swift in Sources */ = {isa = PBXBuildFile; fileRef = 755C899F26C1ABC100C6581A /* currencyDropAndDrag.swift */; };
		755DE793262DD70D00CA835D /* IconsCollectionView.swift in Sources */ = {isa = PBXBuildFile; fileRef = 755DE792262DD70D00CA835D /* IconsCollectionView.swift */; };
		755E675D25FE024B0049E113 /* ContainerViewController.swift in Sources */ = {isa = PBXBuildFile; fileRef = 755E675C25FE024B0049E113 /* ContainerViewController.swift */; };
		7560D034259482E700E496B0 /* QuickPayViewController.swift in Sources */ = {isa = PBXBuildFile; fileRef = 7560D033259482E700E496B0 /* QuickPayViewController.swift */; };
		756FC729264304B300327BAC /* CurrencyModelController.swift in Sources */ = {isa = PBXBuildFile; fileRef = 75D340632642F077002881EB /* CurrencyModelController.swift */; };
		756FC72A264304B300327BAC /* CurrencyModel.swift in Sources */ = {isa = PBXBuildFile; fileRef = 75D340622642F077002881EB /* CurrencyModel.swift */; };
		7571AD1E25B9CD2800E17429 /* AddAccountViewController.swift in Sources */ = {isa = PBXBuildFile; fileRef = 7571AD1D25B9CD2800E17429 /* AddAccountViewController.swift */; };
		75727D372694F67F000BC7DE /* SelectSchedulerTypeViewController.swift in Sources */ = {isa = PBXBuildFile; fileRef = 75727D362694F67F000BC7DE /* SelectSchedulerTypeViewController.swift */; };
		7575718425FFA02F00C2F663 /* LineChartCell.swift in Sources */ = {isa = PBXBuildFile; fileRef = 7575718225FFA02F00C2F663 /* LineChartCell.swift */; };
		7575718525FFA02F00C2F663 /* LineChartCell.xib in Resources */ = {isa = PBXBuildFile; fileRef = 7575718325FFA02F00C2F663 /* LineChartCell.xib */; };
		7578BE38269666CA0063D087 /* AlertViewController.swift in Sources */ = {isa = PBXBuildFile; fileRef = 7578BE36269666CA0063D087 /* AlertViewController.swift */; };
		7578BE39269666CA0063D087 /* AlertViewController.xib in Resources */ = {isa = PBXBuildFile; fileRef = 7578BE37269666CA0063D087 /* AlertViewController.xib */; };
		757B99542689549D005FB908 /* HeaderView.swift in Sources */ = {isa = PBXBuildFile; fileRef = 757B99532689549D005FB908 /* HeaderView.swift */; };
		757D64AB25250679008CDEE1 /* DateSettings.swift in Sources */ = {isa = PBXBuildFile; fileRef = 757D64AA25250679008CDEE1 /* DateSettings.swift */; };
		757E4B5B25E003E100D8A7F7 /* QuickTableVIewCell.swift in Sources */ = {isa = PBXBuildFile; fileRef = 757E4B5A25E003E100D8A7F7 /* QuickTableVIewCell.swift */; };
		757F8F3025402BBB00F0B1D0 /* DBManager.swift in Sources */ = {isa = PBXBuildFile; fileRef = 757F8F2F25402BBB00F0B1D0 /* DBManager.swift */; };
		757F8F3A25402E5600F0B1D0 /* Animations.swift in Sources */ = {isa = PBXBuildFile; fileRef = 757F8F3925402E5600F0B1D0 /* Animations.swift */; };
		758BFC9526BF6FC700F150FF /* Ubuntu-M.ttf in Resources */ = {isa = PBXBuildFile; fileRef = 758BFC9426BF6FC700F150FF /* Ubuntu-M.ttf */; };
		758F854B24D2CF0A007CD161 /* TableViewCell.swift in Sources */ = {isa = PBXBuildFile; fileRef = 758F854A24D2CF0A007CD161 /* TableViewCell.swift */; };
		759130CA25F10EF9009F2C93 /* AccountCollectionViewCell.swift in Sources */ = {isa = PBXBuildFile; fileRef = 759130C825F10EF9009F2C93 /* AccountCollectionViewCell.swift */; };
		759130CB25F10EF9009F2C93 /* AccountCollectionViewCell.xib in Resources */ = {isa = PBXBuildFile; fileRef = 759130C925F10EF9009F2C93 /* AccountCollectionViewCell.xib */; };
		7591F19926A480600073A1F8 /* OperationCell.swift in Sources */ = {isa = PBXBuildFile; fileRef = 7591F19726A480600073A1F8 /* OperationCell.swift */; };
		7591F19A26A480600073A1F8 /* OperationCell.xib in Resources */ = {isa = PBXBuildFile; fileRef = 7591F19826A480600073A1F8 /* OperationCell.xib */; };
		759B42A526BFC9E000149A49 /* Ubuntu-B.ttf in Resources */ = {isa = PBXBuildFile; fileRef = 759B42A426BFC9DA00149A49 /* Ubuntu-B.ttf */; };
		759FA92B26189BA600502172 /* MainTableViewCell.swift in Sources */ = {isa = PBXBuildFile; fileRef = 759FA92926189BA600502172 /* MainTableViewCell.swift */; };
		759FA92C26189BA600502172 /* MainTableViewCell.xib in Resources */ = {isa = PBXBuildFile; fileRef = 759FA92A26189BA600502172 /* MainTableViewCell.xib */; };
		75A2AA4C266ED4D800B86DAC /* AddCurrencyTableViewController.swift in Sources */ = {isa = PBXBuildFile; fileRef = 75A2AA4B266ED4D800B86DAC /* AddCurrencyTableViewController.swift */; };
		75A2AA50266ED79700B86DAC /* AddCurrencyTableViewCell.swift in Sources */ = {isa = PBXBuildFile; fileRef = 75A2AA4E266ED79700B86DAC /* AddCurrencyTableViewCell.swift */; };
		75A2AA51266ED79700B86DAC /* AddCurrencyTableViewCell.xib in Resources */ = {isa = PBXBuildFile; fileRef = 75A2AA4F266ED79700B86DAC /* AddCurrencyTableViewCell.xib */; };
		75A974BF26CE9D2A0053583B /* SideMenuViewController.swift in Sources */ = {isa = PBXBuildFile; fileRef = 75A974BE26CE9D2A0053583B /* SideMenuViewController.swift */; };
		75AD2A082669E72600F6880B /* CurrencyViewController.swift in Sources */ = {isa = PBXBuildFile; fileRef = 75AD2A072669E72600F6880B /* CurrencyViewController.swift */; };
		75AD2A0B266A006C00F6880B /* CurrencyTableViewCell.xib in Resources */ = {isa = PBXBuildFile; fileRef = 75AD2A0A266A006C00F6880B /* CurrencyTableViewCell.xib */; };
		75AE325125239E30004422F4 /* AccountsViewController.swift in Sources */ = {isa = PBXBuildFile; fileRef = 75AE325025239E30004422F4 /* AccountsViewController.swift */; };
		75AE5A9325CCAC25006AC7E0 /* ChartsView.swift in Sources */ = {isa = PBXBuildFile; fileRef = 75AE5A9225CCAC25006AC7E0 /* ChartsView.swift */; };
		75B59B70262DE57600DFCCCD /* AddCollectionViewCell.swift in Sources */ = {isa = PBXBuildFile; fileRef = 75B59B6E262DE57600DFCCCD /* AddCollectionViewCell.swift */; };
		75B59B71262DE57600DFCCCD /* AddCollectionViewCell.xib in Resources */ = {isa = PBXBuildFile; fileRef = 75B59B6F262DE57600DFCCCD /* AddCollectionViewCell.xib */; };
		75C0DF762524D52400D5B0FA /* CalendarView.swift in Sources */ = {isa = PBXBuildFile; fileRef = 75C0DF752524D52400D5B0FA /* CalendarView.swift */; };
		75C328F72571A12100E9CAD4 /* DropDownTableViewCell.xib in Resources */ = {isa = PBXBuildFile; fileRef = 75C328F52571A12100E9CAD4 /* DropDownTableViewCell.xib */; };
		75CB207A2509E26800152EFF /* SegmentedControl.swift in Sources */ = {isa = PBXBuildFile; fileRef = 75CB20792509E26800152EFF /* SegmentedControl.swift */; };
		75CB7A9E255D4E6000451F1D /* SF-Pro-Rounded-Medium.otf in Resources */ = {isa = PBXBuildFile; fileRef = 75CB7A9B255D4E6000451F1D /* SF-Pro-Rounded-Medium.otf */; };
		75CB7A9F255D4E6000451F1D /* SF-Pro-Rounded-Regular.otf in Resources */ = {isa = PBXBuildFile; fileRef = 75CB7A9C255D4E6000451F1D /* SF-Pro-Rounded-Regular.otf */; };
		75CB7AA0255D4E6000451F1D /* SF-Pro-Rounded-Light.otf in Resources */ = {isa = PBXBuildFile; fileRef = 75CB7A9D255D4E6000451F1D /* SF-Pro-Rounded-Light.otf */; };
		75CB7AA6255D50DA00451F1D /* SF-Pro-Text-Light.otf in Resources */ = {isa = PBXBuildFile; fileRef = 75CB7AA2255D50DA00451F1D /* SF-Pro-Text-Light.otf */; };
		75CB7AA7255D50DA00451F1D /* SF-Pro-Text-Medium.otf in Resources */ = {isa = PBXBuildFile; fileRef = 75CB7AA3255D50DA00451F1D /* SF-Pro-Text-Medium.otf */; };
		75CB7AA8255D50DA00451F1D /* SF-Pro-Text-Bold.otf in Resources */ = {isa = PBXBuildFile; fileRef = 75CB7AA4255D50DA00451F1D /* SF-Pro-Text-Bold.otf */; };
		75CB7AA9255D50DA00451F1D /* SF-Pro-Text-Regular.otf in Resources */ = {isa = PBXBuildFile; fileRef = 75CB7AA5255D50DA00451F1D /* SF-Pro-Text-Regular.otf */; };
		75CEC755261F10F3001184CD /* NumberTextField.swift in Sources */ = {isa = PBXBuildFile; fileRef = 75CEC754261F10F3001184CD /* NumberTextField.swift */; };
		75D28016268AE1E6000BA1EE /* layout.swift in Sources */ = {isa = PBXBuildFile; fileRef = 75D28015268AE1E6000BA1EE /* layout.swift */; };
		75D28018268AF710000BA1EE /* TodayBalanceViewController.swift in Sources */ = {isa = PBXBuildFile; fileRef = 75D28017268AF710000BA1EE /* TodayBalanceViewController.swift */; };
		75D3A1172688BE1200E3BEAE /* CreateScheduleCell.swift in Sources */ = {isa = PBXBuildFile; fileRef = 75D3A1152688BE1200E3BEAE /* CreateScheduleCell.swift */; };
		75D3A1182688BE1200E3BEAE /* CreateScheduleCell.xib in Resources */ = {isa = PBXBuildFile; fileRef = 75D3A1162688BE1200E3BEAE /* CreateScheduleCell.xib */; };
		75D8D72B25DD38DA00B5FAC9 /* FSCalendarView.swift in Sources */ = {isa = PBXBuildFile; fileRef = 75D8D72A25DD38DA00B5FAC9 /* FSCalendarView.swift */; };
		75D9DE7E253B6294007677BA /* AddOperationViewController.swift in Sources */ = {isa = PBXBuildFile; fileRef = 75D9DE7D253B6294007677BA /* AddOperationViewController.swift */; };
		75DE7E93269418F700528666 /* STSwitch.swift in Sources */ = {isa = PBXBuildFile; fileRef = 75DE7E92269418F700528666 /* STSwitch.swift */; };
		75EA2AF024CDDB8200D03E95 /* AppDelegate.swift in Sources */ = {isa = PBXBuildFile; fileRef = 75EA2AEF24CDDB8200D03E95 /* AppDelegate.swift */; };
		75EA2AF224CDDB8200D03E95 /* SceneDelegate.swift in Sources */ = {isa = PBXBuildFile; fileRef = 75EA2AF124CDDB8200D03E95 /* SceneDelegate.swift */; };
		75EA2AF424CDDB8200D03E95 /* HomeViewController.swift in Sources */ = {isa = PBXBuildFile; fileRef = 75EA2AF324CDDB8200D03E95 /* HomeViewController.swift */; };
		75EA2AF724CDDB8200D03E95 /* Main.storyboard in Resources */ = {isa = PBXBuildFile; fileRef = 75EA2AF524CDDB8200D03E95 /* Main.storyboard */; };
		75EA2AF924CDDB8B00D03E95 /* Assets.xcassets in Resources */ = {isa = PBXBuildFile; fileRef = 75EA2AF824CDDB8B00D03E95 /* Assets.xcassets */; };
		75EA2AFC24CDDB8B00D03E95 /* LaunchScreen.storyboard in Resources */ = {isa = PBXBuildFile; fileRef = 75EA2AFA24CDDB8B00D03E95 /* LaunchScreen.storyboard */; };
		75EDDC36250AD352000C0E27 /* AnyOptions.swift in Sources */ = {isa = PBXBuildFile; fileRef = 75EDDC35250AD352000C0E27 /* AnyOptions.swift */; };
		75EE502E2571844C007A7E97 /* DropDownTableView.swift in Sources */ = {isa = PBXBuildFile; fileRef = 75EE502D2571844C007A7E97 /* DropDownTableView.swift */; };
		75F585332619B7A700355CBF /* SchedulerViewController.swift in Sources */ = {isa = PBXBuildFile; fileRef = 75F585322619B7A700355CBF /* SchedulerViewController.swift */; };
		75FA2BB2253B066800E8CCD8 /* Colors.swift in Sources */ = {isa = PBXBuildFile; fileRef = 75FA2BB1253B066800E8CCD8 /* Colors.swift */; };
		75FF12F826B98C7F002E1321 /* ChartView.swift in Sources */ = {isa = PBXBuildFile; fileRef = 75FF12F726B98C7F002E1321 /* ChartView.swift */; };
/* End PBXBuildFile section */

/* Begin PBXFileReference section */
		605404CDC3E38FEE7EA83F7F /* Pods-CashApp.release.xcconfig */ = {isa = PBXFileReference; includeInIndex = 1; lastKnownFileType = text.xcconfig; name = "Pods-CashApp.release.xcconfig"; path = "Target Support Files/Pods-CashApp/Pods-CashApp.release.xcconfig"; sourceTree = "<group>"; };
		75051EE926AAEC7000B9CC5F /* Checkmark.swift */ = {isa = PBXFileReference; lastKnownFileType = sourcecode.swift; path = Checkmark.swift; sourceTree = "<group>"; };
		7507A619253BAA2D0029EF44 /* ModelController.swift */ = {isa = PBXFileReference; lastKnownFileType = sourcecode.swift; path = ModelController.swift; sourceTree = "<group>"; };
		750888A6268764260037C804 /* CalendarSchedulerViewController.swift */ = {isa = PBXFileReference; lastKnownFileType = sourcecode.swift; path = CalendarSchedulerViewController.swift; sourceTree = "<group>"; };
		750888A826877E700037C804 /* SchedulerTableViewCell.swift */ = {isa = PBXFileReference; lastKnownFileType = sourcecode.swift; path = SchedulerTableViewCell.swift; sourceTree = "<group>"; };
		750888A926877E710037C804 /* SchedulerTableViewCell.xib */ = {isa = PBXFileReference; lastKnownFileType = file.xib; path = SchedulerTableViewCell.xib; sourceTree = "<group>"; };
		7509C5942603675D00BD34D4 /* CustomProgressBar.swift */ = {isa = PBXFileReference; fileEncoding = 4; lastKnownFileType = sourcecode.swift; path = CustomProgressBar.swift; sourceTree = "<group>"; };
		750EF5D726A7FBBF000FF9D2 /* CreateOperationCell.swift */ = {isa = PBXFileReference; lastKnownFileType = sourcecode.swift; path = CreateOperationCell.swift; sourceTree = "<group>"; };
		750EF5D826A7FBBF000FF9D2 /* CreateOperationCell.xib */ = {isa = PBXFileReference; lastKnownFileType = file.xib; path = CreateOperationCell.xib; sourceTree = "<group>"; };
		7510F83D2509A87600030A52 /* CategoriesViewController.swift */ = {isa = PBXFileReference; lastKnownFileType = sourcecode.swift; path = CategoriesViewController.swift; sourceTree = "<group>"; };
		7522652D24D1D55700D30CD6 /* Model.swift */ = {isa = PBXFileReference; lastKnownFileType = sourcecode.swift; path = Model.swift; sourceTree = "<group>"; };
		7523BD312697F67400F00762 /* MiniAlertView.xib */ = {isa = PBXFileReference; lastKnownFileType = file.xib; path = MiniAlertView.xib; sourceTree = "<group>"; };
		7523BD332697F6B400F00762 /* MiniAlertView.swift */ = {isa = PBXFileReference; lastKnownFileType = sourcecode.swift; name = MiniAlertView.swift; path = /Users/artur/Xcode/CashApp/CashUP/CashApp/AlertView/MiniAlertView.swift; sourceTree = "<absolute>"; };
		75262B26268E6B7E00D7F38E /* CircleView.swift */ = {isa = PBXFileReference; lastKnownFileType = sourcecode.swift; path = CircleView.swift; sourceTree = "<group>"; };
		7527E186261F7F4500DEF5AD /* AddScheduleViewController.swift */ = {isa = PBXFileReference; lastKnownFileType = sourcecode.swift; path = AddScheduleViewController.swift; sourceTree = "<group>"; };
		7528447B2695701400699B0E /* EditScheduler.swift */ = {isa = PBXFileReference; lastKnownFileType = sourcecode.swift; path = EditScheduler.swift; sourceTree = "<group>"; };
		7529F98D267493EE00087F46 /* ThemeManager.swift */ = {isa = PBXFileReference; lastKnownFileType = sourcecode.swift; path = ThemeManager.swift; sourceTree = "<group>"; };
		753180AD258A235100AC6B7A /* PickTypePopUpTableViewController.swift */ = {isa = PBXFileReference; lastKnownFileType = sourcecode.swift; path = PickTypePopUpTableViewController.swift; sourceTree = "<group>"; };
		7537E57F25DEF0730019768C /* QuickTableView.swift */ = {isa = PBXFileReference; lastKnownFileType = sourcecode.swift; path = QuickTableView.swift; sourceTree = "<group>"; };
		7539D3C92637962A00A966BB /* PopTableViewCell.swift */ = {isa = PBXFileReference; lastKnownFileType = sourcecode.swift; path = PopTableViewCell.swift; sourceTree = "<group>"; };
		7539D3CA2637962A00A966BB /* SelectDateTableViewCell.xib */ = {isa = PBXFileReference; lastKnownFileType = file.xib; path = SelectDateTableViewCell.xib; sourceTree = "<group>"; };
		753EACAC268E388000860745 /* TodayBalanceTableViewCell.swift */ = {isa = PBXFileReference; lastKnownFileType = sourcecode.swift; path = TodayBalanceTableViewCell.swift; sourceTree = "<group>"; };
		753EACAD268E388000860745 /* TodayBalanceTableViewCell.xib */ = {isa = PBXFileReference; lastKnownFileType = file.xib; path = TodayBalanceTableViewCell.xib; sourceTree = "<group>"; };
		753EACB1268E619500860745 /* DIYCalendarCell.swift */ = {isa = PBXFileReference; lastKnownFileType = sourcecode.swift; name = DIYCalendarCell.swift; path = /Users/artur/Xcode/CashApp/CashUP/CashApp/TodayBalance/DIYCalendarCell.swift; sourceTree = "<absolute>"; };
		7545C91B25AFD06000042332 /* AccountsHistory.swift */ = {isa = PBXFileReference; lastKnownFileType = sourcecode.swift; path = AccountsHistory.swift; sourceTree = "<group>"; };
		7545E1B0255C45F600454803 /* LineChartContainerViewController.swift */ = {isa = PBXFileReference; lastKnownFileType = sourcecode.swift; path = LineChartContainerViewController.swift; sourceTree = "<group>"; };
		754D66EC2631C90C00B2383C /* PopUpTableViewController.swift */ = {isa = PBXFileReference; lastKnownFileType = sourcecode.swift; path = PopUpTableViewController.swift; sourceTree = "<group>"; };
		754F15ED2667A9F8002250BB /* EnlargeTableView.swift */ = {isa = PBXFileReference; lastKnownFileType = sourcecode.swift; path = EnlargeTableView.swift; sourceTree = "<group>"; };
		754F15F02667AA3C002250BB /* EnlargeTableViewCell.swift */ = {isa = PBXFileReference; lastKnownFileType = sourcecode.swift; path = EnlargeTableViewCell.swift; sourceTree = "<group>"; };
		754F15F226681A44002250BB /* EnlargeSecondTableViewCell.swift */ = {isa = PBXFileReference; lastKnownFileType = sourcecode.swift; path = EnlargeSecondTableViewCell.swift; sourceTree = "<group>"; };
		7552BFE526169CBC00BACB65 /* MainTabBarController.swift */ = {isa = PBXFileReference; lastKnownFileType = sourcecode.swift; path = MainTabBarController.swift; sourceTree = "<group>"; };
		7559A47626C7C61A00EDF287 /* ru */ = {isa = PBXFileReference; lastKnownFileType = text.plist.strings; name = ru; path = ru.lproj/Main.strings; sourceTree = "<group>"; };
		7559A47726C7C7D200EDF287 /* de */ = {isa = PBXFileReference; lastKnownFileType = text.plist.strings; name = de; path = de.lproj/Main.strings; sourceTree = "<group>"; };
		7559A48426C7D4E800EDF287 /* en */ = {isa = PBXFileReference; lastKnownFileType = text.plist.strings; name = en; path = en.lproj/Localizable.strings; sourceTree = "<group>"; };
		7559A48626C7D4EA00EDF287 /* de */ = {isa = PBXFileReference; lastKnownFileType = text.plist.strings; name = de; path = de.lproj/Localizable.strings; sourceTree = "<group>"; };
		7559A48726C7D4EF00EDF287 /* ru */ = {isa = PBXFileReference; lastKnownFileType = text.plist.strings; name = ru; path = ru.lproj/Localizable.strings; sourceTree = "<group>"; };
		755C899F26C1ABC100C6581A /* currencyDropAndDrag.swift */ = {isa = PBXFileReference; lastKnownFileType = sourcecode.swift; path = currencyDropAndDrag.swift; sourceTree = "<group>"; };
		755DE792262DD70D00CA835D /* IconsCollectionView.swift */ = {isa = PBXFileReference; lastKnownFileType = sourcecode.swift; path = IconsCollectionView.swift; sourceTree = "<group>"; };
		755E675C25FE024B0049E113 /* ContainerViewController.swift */ = {isa = PBXFileReference; lastKnownFileType = sourcecode.swift; path = ContainerViewController.swift; sourceTree = "<group>"; };
		7560D033259482E700E496B0 /* QuickPayViewController.swift */ = {isa = PBXFileReference; lastKnownFileType = sourcecode.swift; path = QuickPayViewController.swift; sourceTree = "<group>"; };
		7571AD1D25B9CD2800E17429 /* AddAccountViewController.swift */ = {isa = PBXFileReference; lastKnownFileType = sourcecode.swift; path = AddAccountViewController.swift; sourceTree = "<group>"; };
		75727D362694F67F000BC7DE /* SelectSchedulerTypeViewController.swift */ = {isa = PBXFileReference; lastKnownFileType = sourcecode.swift; path = SelectSchedulerTypeViewController.swift; sourceTree = "<group>"; };
		7575718225FFA02F00C2F663 /* LineChartCell.swift */ = {isa = PBXFileReference; lastKnownFileType = sourcecode.swift; path = LineChartCell.swift; sourceTree = "<group>"; };
		7575718325FFA02F00C2F663 /* LineChartCell.xib */ = {isa = PBXFileReference; lastKnownFileType = file.xib; path = LineChartCell.xib; sourceTree = "<group>"; };
		7578BE36269666CA0063D087 /* AlertViewController.swift */ = {isa = PBXFileReference; lastKnownFileType = sourcecode.swift; path = AlertViewController.swift; sourceTree = "<group>"; };
		7578BE37269666CA0063D087 /* AlertViewController.xib */ = {isa = PBXFileReference; lastKnownFileType = file.xib; path = AlertViewController.xib; sourceTree = "<group>"; };
		757B99532689549D005FB908 /* HeaderView.swift */ = {isa = PBXFileReference; lastKnownFileType = sourcecode.swift; path = HeaderView.swift; sourceTree = "<group>"; };
		757D64AA25250679008CDEE1 /* DateSettings.swift */ = {isa = PBXFileReference; lastKnownFileType = sourcecode.swift; path = DateSettings.swift; sourceTree = "<group>"; };
		757E4B5A25E003E100D8A7F7 /* QuickTableVIewCell.swift */ = {isa = PBXFileReference; lastKnownFileType = sourcecode.swift; path = QuickTableVIewCell.swift; sourceTree = "<group>"; };
		757F8F2F25402BBB00F0B1D0 /* DBManager.swift */ = {isa = PBXFileReference; lastKnownFileType = sourcecode.swift; path = DBManager.swift; sourceTree = "<group>"; };
		757F8F3925402E5600F0B1D0 /* Animations.swift */ = {isa = PBXFileReference; lastKnownFileType = sourcecode.swift; path = Animations.swift; sourceTree = "<group>"; };
		758BFC9426BF6FC700F150FF /* Ubuntu-M.ttf */ = {isa = PBXFileReference; lastKnownFileType = file; path = "Ubuntu-M.ttf"; sourceTree = "<group>"; };
		758F854A24D2CF0A007CD161 /* TableViewCell.swift */ = {isa = PBXFileReference; lastKnownFileType = sourcecode.swift; path = TableViewCell.swift; sourceTree = "<group>"; };
		759130C825F10EF9009F2C93 /* AccountCollectionViewCell.swift */ = {isa = PBXFileReference; lastKnownFileType = sourcecode.swift; path = AccountCollectionViewCell.swift; sourceTree = "<group>"; };
		759130C925F10EF9009F2C93 /* AccountCollectionViewCell.xib */ = {isa = PBXFileReference; lastKnownFileType = file.xib; path = AccountCollectionViewCell.xib; sourceTree = "<group>"; };
		7591F19726A480600073A1F8 /* OperationCell.swift */ = {isa = PBXFileReference; lastKnownFileType = sourcecode.swift; path = OperationCell.swift; sourceTree = "<group>"; };
		7591F19826A480600073A1F8 /* OperationCell.xib */ = {isa = PBXFileReference; lastKnownFileType = file.xib; path = OperationCell.xib; sourceTree = "<group>"; };
		759B42A426BFC9DA00149A49 /* Ubuntu-B.ttf */ = {isa = PBXFileReference; lastKnownFileType = file; path = "Ubuntu-B.ttf"; sourceTree = "<group>"; };
		759FA92926189BA600502172 /* MainTableViewCell.swift */ = {isa = PBXFileReference; lastKnownFileType = sourcecode.swift; path = MainTableViewCell.swift; sourceTree = "<group>"; };
		759FA92A26189BA600502172 /* MainTableViewCell.xib */ = {isa = PBXFileReference; lastKnownFileType = file.xib; path = MainTableViewCell.xib; sourceTree = "<group>"; };
		75A2AA4B266ED4D800B86DAC /* AddCurrencyTableViewController.swift */ = {isa = PBXFileReference; lastKnownFileType = sourcecode.swift; path = AddCurrencyTableViewController.swift; sourceTree = "<group>"; };
		75A2AA4E266ED79700B86DAC /* AddCurrencyTableViewCell.swift */ = {isa = PBXFileReference; lastKnownFileType = sourcecode.swift; path = AddCurrencyTableViewCell.swift; sourceTree = "<group>"; };
		75A2AA4F266ED79700B86DAC /* AddCurrencyTableViewCell.xib */ = {isa = PBXFileReference; lastKnownFileType = file.xib; path = AddCurrencyTableViewCell.xib; sourceTree = "<group>"; };
		75A974BE26CE9D2A0053583B /* SideMenuViewController.swift */ = {isa = PBXFileReference; lastKnownFileType = sourcecode.swift; path = SideMenuViewController.swift; sourceTree = "<group>"; };
		75AD2A072669E72600F6880B /* CurrencyViewController.swift */ = {isa = PBXFileReference; lastKnownFileType = sourcecode.swift; path = CurrencyViewController.swift; sourceTree = "<group>"; };
		75AD2A0A266A006C00F6880B /* CurrencyTableViewCell.xib */ = {isa = PBXFileReference; lastKnownFileType = file.xib; path = CurrencyTableViewCell.xib; sourceTree = "<group>"; };
		75AE325025239E30004422F4 /* AccountsViewController.swift */ = {isa = PBXFileReference; lastKnownFileType = sourcecode.swift; path = AccountsViewController.swift; sourceTree = "<group>"; };
		75AE5A9225CCAC25006AC7E0 /* ChartsView.swift */ = {isa = PBXFileReference; lastKnownFileType = sourcecode.swift; path = ChartsView.swift; sourceTree = "<group>"; };
		75B59B6E262DE57600DFCCCD /* AddCollectionViewCell.swift */ = {isa = PBXFileReference; lastKnownFileType = sourcecode.swift; path = AddCollectionViewCell.swift; sourceTree = "<group>"; };
		75B59B6F262DE57600DFCCCD /* AddCollectionViewCell.xib */ = {isa = PBXFileReference; lastKnownFileType = file.xib; path = AddCollectionViewCell.xib; sourceTree = "<group>"; };
		75C0DF752524D52400D5B0FA /* CalendarView.swift */ = {isa = PBXFileReference; lastKnownFileType = sourcecode.swift; path = CalendarView.swift; sourceTree = "<group>"; };
		75C328F52571A12100E9CAD4 /* DropDownTableViewCell.xib */ = {isa = PBXFileReference; lastKnownFileType = file.xib; path = DropDownTableViewCell.xib; sourceTree = "<group>"; };
		75CB20792509E26800152EFF /* SegmentedControl.swift */ = {isa = PBXFileReference; lastKnownFileType = sourcecode.swift; path = SegmentedControl.swift; sourceTree = "<group>"; };
		75CB7A9B255D4E6000451F1D /* SF-Pro-Rounded-Medium.otf */ = {isa = PBXFileReference; lastKnownFileType = file; name = "SF-Pro-Rounded-Medium.otf"; path = "../../../../../../Library/Fonts/SF-Pro-Rounded-Medium.otf"; sourceTree = "<group>"; };
		75CB7A9C255D4E6000451F1D /* SF-Pro-Rounded-Regular.otf */ = {isa = PBXFileReference; lastKnownFileType = file; name = "SF-Pro-Rounded-Regular.otf"; path = "../../../../../../Library/Fonts/SF-Pro-Rounded-Regular.otf"; sourceTree = "<group>"; };
		75CB7A9D255D4E6000451F1D /* SF-Pro-Rounded-Light.otf */ = {isa = PBXFileReference; lastKnownFileType = file; name = "SF-Pro-Rounded-Light.otf"; path = "../../../../../../Library/Fonts/SF-Pro-Rounded-Light.otf"; sourceTree = "<group>"; };
		75CB7AA2255D50DA00451F1D /* SF-Pro-Text-Light.otf */ = {isa = PBXFileReference; lastKnownFileType = file; name = "SF-Pro-Text-Light.otf"; path = "../../../../../../Library/Fonts/SF-Pro-Text-Light.otf"; sourceTree = "<group>"; };
		75CB7AA3255D50DA00451F1D /* SF-Pro-Text-Medium.otf */ = {isa = PBXFileReference; lastKnownFileType = file; name = "SF-Pro-Text-Medium.otf"; path = "../../../../../../Library/Fonts/SF-Pro-Text-Medium.otf"; sourceTree = "<group>"; };
		75CB7AA4255D50DA00451F1D /* SF-Pro-Text-Bold.otf */ = {isa = PBXFileReference; lastKnownFileType = file; name = "SF-Pro-Text-Bold.otf"; path = "../../../../../../Library/Fonts/SF-Pro-Text-Bold.otf"; sourceTree = "<group>"; };
		75CB7AA5255D50DA00451F1D /* SF-Pro-Text-Regular.otf */ = {isa = PBXFileReference; lastKnownFileType = file; name = "SF-Pro-Text-Regular.otf"; path = "../../../../../../Library/Fonts/SF-Pro-Text-Regular.otf"; sourceTree = "<group>"; };
		75CEC754261F10F3001184CD /* NumberTextField.swift */ = {isa = PBXFileReference; lastKnownFileType = sourcecode.swift; path = NumberTextField.swift; sourceTree = "<group>"; };
		75D28015268AE1E6000BA1EE /* layout.swift */ = {isa = PBXFileReference; lastKnownFileType = sourcecode.swift; path = layout.swift; sourceTree = "<group>"; };
		75D28017268AF710000BA1EE /* TodayBalanceViewController.swift */ = {isa = PBXFileReference; lastKnownFileType = sourcecode.swift; path = TodayBalanceViewController.swift; sourceTree = "<group>"; };
		75D340622642F077002881EB /* CurrencyModel.swift */ = {isa = PBXFileReference; lastKnownFileType = sourcecode.swift; path = CurrencyModel.swift; sourceTree = "<group>"; };
		75D340632642F077002881EB /* CurrencyModelController.swift */ = {isa = PBXFileReference; lastKnownFileType = sourcecode.swift; path = CurrencyModelController.swift; sourceTree = "<group>"; };
		75D3A1152688BE1200E3BEAE /* CreateScheduleCell.swift */ = {isa = PBXFileReference; lastKnownFileType = sourcecode.swift; path = CreateScheduleCell.swift; sourceTree = "<group>"; };
		75D3A1162688BE1200E3BEAE /* CreateScheduleCell.xib */ = {isa = PBXFileReference; lastKnownFileType = file.xib; path = CreateScheduleCell.xib; sourceTree = "<group>"; };
		75D8D72A25DD38DA00B5FAC9 /* FSCalendarView.swift */ = {isa = PBXFileReference; lastKnownFileType = sourcecode.swift; path = FSCalendarView.swift; sourceTree = "<group>"; };
		75D9DE7D253B6294007677BA /* AddOperationViewController.swift */ = {isa = PBXFileReference; lastKnownFileType = sourcecode.swift; path = AddOperationViewController.swift; sourceTree = "<group>"; };
		75DE7E92269418F700528666 /* STSwitch.swift */ = {isa = PBXFileReference; lastKnownFileType = sourcecode.swift; path = STSwitch.swift; sourceTree = "<group>"; };
		75EA2AEC24CDDB8200D03E95 /* CashApp.app */ = {isa = PBXFileReference; explicitFileType = wrapper.application; includeInIndex = 0; path = CashApp.app; sourceTree = BUILT_PRODUCTS_DIR; };
		75EA2AEF24CDDB8200D03E95 /* AppDelegate.swift */ = {isa = PBXFileReference; lastKnownFileType = sourcecode.swift; path = AppDelegate.swift; sourceTree = "<group>"; };
		75EA2AF124CDDB8200D03E95 /* SceneDelegate.swift */ = {isa = PBXFileReference; lastKnownFileType = sourcecode.swift; path = SceneDelegate.swift; sourceTree = "<group>"; };
		75EA2AF324CDDB8200D03E95 /* HomeViewController.swift */ = {isa = PBXFileReference; lastKnownFileType = sourcecode.swift; path = HomeViewController.swift; sourceTree = "<group>"; };
		75EA2AF624CDDB8200D03E95 /* Base */ = {isa = PBXFileReference; lastKnownFileType = file.storyboard; name = Base; path = Base.lproj/Main.storyboard; sourceTree = "<group>"; };
		75EA2AF824CDDB8B00D03E95 /* Assets.xcassets */ = {isa = PBXFileReference; lastKnownFileType = folder.assetcatalog; path = Assets.xcassets; sourceTree = "<group>"; };
		75EA2AFB24CDDB8B00D03E95 /* Base */ = {isa = PBXFileReference; lastKnownFileType = file.storyboard; name = Base; path = Base.lproj/LaunchScreen.storyboard; sourceTree = "<group>"; };
		75EA2AFD24CDDB8B00D03E95 /* Info.plist */ = {isa = PBXFileReference; lastKnownFileType = text.plist.xml; path = Info.plist; sourceTree = "<group>"; };
		75EDDC35250AD352000C0E27 /* AnyOptions.swift */ = {isa = PBXFileReference; lastKnownFileType = sourcecode.swift; path = AnyOptions.swift; sourceTree = "<group>"; };
		75EE502D2571844C007A7E97 /* DropDownTableView.swift */ = {isa = PBXFileReference; lastKnownFileType = sourcecode.swift; path = DropDownTableView.swift; sourceTree = "<group>"; };
		75F585322619B7A700355CBF /* SchedulerViewController.swift */ = {isa = PBXFileReference; lastKnownFileType = sourcecode.swift; path = SchedulerViewController.swift; sourceTree = "<group>"; };
		75FA2BB1253B066800E8CCD8 /* Colors.swift */ = {isa = PBXFileReference; lastKnownFileType = sourcecode.swift; path = Colors.swift; sourceTree = "<group>"; };
		75FF12F726B98C7F002E1321 /* ChartView.swift */ = {isa = PBXFileReference; lastKnownFileType = sourcecode.swift; path = ChartView.swift; sourceTree = "<group>"; };
		B7079BB9EFF631A89368A655 /* Pods-CashApp.debug.xcconfig */ = {isa = PBXFileReference; includeInIndex = 1; lastKnownFileType = text.xcconfig; name = "Pods-CashApp.debug.xcconfig"; path = "Target Support Files/Pods-CashApp/Pods-CashApp.debug.xcconfig"; sourceTree = "<group>"; };
		BC0B5D0B512592E1234414A8 /* Pods_CashApp.framework */ = {isa = PBXFileReference; explicitFileType = wrapper.framework; includeInIndex = 0; path = Pods_CashApp.framework; sourceTree = BUILT_PRODUCTS_DIR; };
/* End PBXFileReference section */

/* Begin PBXFrameworksBuildPhase section */
		75EA2AE924CDDB8200D03E95 /* Frameworks */ = {
			isa = PBXFrameworksBuildPhase;
			buildActionMask = 2147483647;
			files = (
				4A03F1724520B9252C8110FC /* Pods_CashApp.framework in Frameworks */,
			);
			runOnlyForDeploymentPostprocessing = 0;
		};
/* End PBXFrameworksBuildPhase section */

/* Begin PBXGroup section */
		19F227CD0366FC3A212E34A5 /* Pods */ = {
			isa = PBXGroup;
			children = (
				B7079BB9EFF631A89368A655 /* Pods-CashApp.debug.xcconfig */,
				605404CDC3E38FEE7EA83F7F /* Pods-CashApp.release.xcconfig */,
			);
			path = Pods;
			sourceTree = "<group>";
		};
		6189A40346D8C968D96A8B45 /* Frameworks */ = {
			isa = PBXGroup;
			children = (
				BC0B5D0B512592E1234414A8 /* Pods_CashApp.framework */,
			);
			name = Frameworks;
			sourceTree = "<group>";
		};
		750888AC26877E850037C804 /* Cell */ = {
			isa = PBXGroup;
			children = (
				750888A826877E700037C804 /* SchedulerTableViewCell.swift */,
				750888A926877E710037C804 /* SchedulerTableViewCell.xib */,
				75D3A1152688BE1200E3BEAE /* CreateScheduleCell.swift */,
				75D3A1162688BE1200E3BEAE /* CreateScheduleCell.xib */,
			);
			path = Cell;
			sourceTree = "<group>";
		};
		750888AD26877ED00037C804 /* Controller */ = {
			isa = PBXGroup;
			children = (
				75F585322619B7A700355CBF /* SchedulerViewController.swift */,
				7527E186261F7F4500DEF5AD /* AddScheduleViewController.swift */,
				7528447B2695701400699B0E /* EditScheduler.swift */,
				750888A6268764260037C804 /* CalendarSchedulerViewController.swift */,
				75727D362694F67F000BC7DE /* SelectSchedulerTypeViewController.swift */,
			);
			path = Controller;
			sourceTree = "<group>";
		};
		751573C7255C12130075C3B8 /* Accounts */ = {
			isa = PBXGroup;
			children = (
				755A1D722570539F00CE034F /* View */,
				755A1D712570539700CE034F /* Controller */,
			);
			path = Accounts;
			sourceTree = "<group>";
		};
		75262B28268E6B8700D7F38E /* View */ = {
			isa = PBXGroup;
			children = (
				75262B26268E6B7E00D7F38E /* CircleView.swift */,
			);
			path = View;
			sourceTree = "<group>";
		};
		7528F6C0253B08A4004B210B /* Model */ = {
			isa = PBXGroup;
			children = (
				7545C91B25AFD06000042332 /* AccountsHistory.swift */,
				7522652D24D1D55700D30CD6 /* Model.swift */,
				7507A619253BAA2D0029EF44 /* ModelController.swift */,
				757F8F2F25402BBB00F0B1D0 /* DBManager.swift */,
			);
			path = Model;
			sourceTree = "<group>";
		};
		7529F98C26748D5E00087F46 /* Calendar */ = {
			isa = PBXGroup;
			children = (
				757D64AA25250679008CDEE1 /* DateSettings.swift */,
				75D8D72A25DD38DA00B5FAC9 /* FSCalendarView.swift */,
			);
			path = Calendar;
			sourceTree = "<group>";
		};
		7539D3CE2637962F00A966BB /* View */ = {
			isa = PBXGroup;
			children = (
				7539D3C92637962A00A966BB /* PopTableViewCell.swift */,
				7539D3CA2637962A00A966BB /* SelectDateTableViewCell.xib */,
			);
			path = View;
			sourceTree = "<group>";
		};
		7539D3D02637963D00A966BB /* Controller */ = {
			isa = PBXGroup;
			children = (
				753180AD258A235100AC6B7A /* PickTypePopUpTableViewController.swift */,
				754D66EC2631C90C00B2383C /* PopUpTableViewController.swift */,
			);
			path = Controller;
			sourceTree = "<group>";
		};
		753EACB0268E388C00860745 /* Cell */ = {
			isa = PBXGroup;
			children = (
				753EACB1268E619500860745 /* DIYCalendarCell.swift */,
				753EACAC268E388000860745 /* TodayBalanceTableViewCell.swift */,
				753EACAD268E388000860745 /* TodayBalanceTableViewCell.xib */,
			);
			path = Cell;
			sourceTree = "<group>";
		};
		7548192A25D4CA7700C20A01 /* LineChart */ = {
			isa = PBXGroup;
			children = (
				7545E1B0255C45F600454803 /* LineChartContainerViewController.swift */,
				7575718225FFA02F00C2F663 /* LineChartCell.swift */,
				7575718325FFA02F00C2F663 /* LineChartCell.xib */,
			);
			path = LineChart;
			sourceTree = "<group>";
		};
		754D66EA2631C53600B2383C /* PopUpMenu */ = {
			isa = PBXGroup;
			children = (
				7539D3D02637963D00A966BB /* Controller */,
				7539D3CE2637962F00A966BB /* View */,
			);
			path = PopUpMenu;
			sourceTree = "<group>";
		};
		754F15EF2667AA13002250BB /* EnlargeTableView */ = {
			isa = PBXGroup;
			children = (
				757B99532689549D005FB908 /* HeaderView.swift */,
				75FF12F726B98C7F002E1321 /* ChartView.swift */,
				754F15ED2667A9F8002250BB /* EnlargeTableView.swift */,
				754F15F02667AA3C002250BB /* EnlargeTableViewCell.swift */,
				754F15F226681A44002250BB /* EnlargeSecondTableViewCell.swift */,
			);
			path = EnlargeTableView;
			sourceTree = "<group>";
		};
		7559A47B26C7D00800EDF287 /* Localize */ = {
			isa = PBXGroup;
			children = (
				7559A48526C7D4E800EDF287 /* Localizable.strings */,
			);
			path = Localize;
			sourceTree = "<group>";
		};
		755A1D712570539700CE034F /* Controller */ = {
			isa = PBXGroup;
			children = (
				75E8FBE1255D0F55007CB6E5 /* ContainerView */,
				7571AD1D25B9CD2800E17429 /* AddAccountViewController.swift */,
				75AE325025239E30004422F4 /* AccountsViewController.swift */,
			);
			path = Controller;
			sourceTree = "<group>";
		};
		755A1D722570539F00CE034F /* View */ = {
			isa = PBXGroup;
			children = (
				75AE5A9225CCAC25006AC7E0 /* ChartsView.swift */,
				758F854A24D2CF0A007CD161 /* TableViewCell.swift */,
				759130C825F10EF9009F2C93 /* AccountCollectionViewCell.swift */,
				759130C925F10EF9009F2C93 /* AccountCollectionViewCell.xib */,
			);
			path = View;
			sourceTree = "<group>";
		};
		755A1D782570561300CE034F /* Controller */ = {
			isa = PBXGroup;
			children = (
				7510F83D2509A87600030A52 /* CategoriesViewController.swift */,
				75D9DE7D253B6294007677BA /* AddOperationViewController.swift */,
			);
			path = Controller;
			sourceTree = "<group>";
		};
		755DE795262DD72C00CA835D /* Categories */ = {
			isa = PBXGroup;
			children = (
				755A1D782570561300CE034F /* Controller */,
				7591F19B26A4806A0073A1F8 /* Cell */,
				755DE792262DD70D00CA835D /* IconsCollectionView.swift */,
			);
			path = Categories;
			sourceTree = "<group>";
		};
		756FC72E2643055600327BAC /* CurrencyModel */ = {
			isa = PBXGroup;
			children = (
				75D340622642F077002881EB /* CurrencyModel.swift */,
				75D340632642F077002881EB /* CurrencyModelController.swift */,
			);
			path = CurrencyModel;
			sourceTree = "<group>";
		};
		7578BE3A269666E70063D087 /* AlertView */ = {
			isa = PBXGroup;
			children = (
				7578BE36269666CA0063D087 /* AlertViewController.swift */,
				7578BE37269666CA0063D087 /* AlertViewController.xib */,
				7523BD332697F6B400F00762 /* MiniAlertView.swift */,
				7523BD312697F67400F00762 /* MiniAlertView.xib */,
			);
			path = AlertView;
			sourceTree = "<group>";
		};
		757D64AE25250688008CDEE1 /* Extensions */ = {
			isa = PBXGroup;
			children = (
				75DE7E92269418F700528666 /* STSwitch.swift */,
				75CB20792509E26800152EFF /* SegmentedControl.swift */,
				75C0DF752524D52400D5B0FA /* CalendarView.swift */,
				7509C5942603675D00BD34D4 /* CustomProgressBar.swift */,
				75FA2BB1253B066800E8CCD8 /* Colors.swift */,
				75CEC754261F10F3001184CD /* NumberTextField.swift */,
			);
			path = Extensions;
			sourceTree = "<group>";
		};
		757E4B5D25E003F200D8A7F7 /* QuickPayViewController */ = {
			isa = PBXGroup;
			children = (
				757E4B5E25E0042100D8A7F7 /* View */,
				757E4B5F25E0042800D8A7F7 /* Controller */,
			);
			path = QuickPayViewController;
			sourceTree = "<group>";
		};
		757E4B5E25E0042100D8A7F7 /* View */ = {
			isa = PBXGroup;
			children = (
				7537E57F25DEF0730019768C /* QuickTableView.swift */,
				75C328F52571A12100E9CAD4 /* DropDownTableViewCell.xib */,
				757E4B5A25E003E100D8A7F7 /* QuickTableVIewCell.swift */,
			);
			path = View;
			sourceTree = "<group>";
		};
		757E4B5F25E0042800D8A7F7 /* Controller */ = {
			isa = PBXGroup;
			children = (
				7560D033259482E700E496B0 /* QuickPayViewController.swift */,
			);
			path = Controller;
			sourceTree = "<group>";
		};
		758F857524D2E9E9007CD161 /* HomeView */ = {
			isa = PBXGroup;
			children = (
				75EA2AF324CDDB8200D03E95 /* HomeViewController.swift */,
				75A974BE26CE9D2A0053583B /* SideMenuViewController.swift */,
				754F15EF2667AA13002250BB /* EnlargeTableView */,
				759FA92026189A8B00502172 /* MainTableView */,
			);
			name = HomeView;
			sourceTree = "<group>";
		};
		7591F19B26A4806A0073A1F8 /* Cell */ = {
			isa = PBXGroup;
			children = (
				7591F19726A480600073A1F8 /* OperationCell.swift */,
				7591F19826A480600073A1F8 /* OperationCell.xib */,
				750EF5D726A7FBBF000FF9D2 /* CreateOperationCell.swift */,
				750EF5D826A7FBBF000FF9D2 /* CreateOperationCell.xib */,
			);
			path = Cell;
			sourceTree = "<group>";
		};
		759FA92026189A8B00502172 /* MainTableView */ = {
			isa = PBXGroup;
			children = (
				759FA92926189BA600502172 /* MainTableViewCell.swift */,
				759FA92A26189BA600502172 /* MainTableViewCell.xib */,
			);
			path = MainTableView;
			sourceTree = "<group>";
		};
		75A2AA4D266ED4F600B86DAC /* AddCurrency */ = {
			isa = PBXGroup;
			children = (
				75A2AA4B266ED4D800B86DAC /* AddCurrencyTableViewController.swift */,
				75A2AA4E266ED79700B86DAC /* AddCurrencyTableViewCell.swift */,
				75A2AA4F266ED79700B86DAC /* AddCurrencyTableViewCell.xib */,
			);
			path = AddCurrency;
			sourceTree = "<group>";
		};
		75AD2A092669EA5A00F6880B /* Currency */ = {
			isa = PBXGroup;
			children = (
				75AD2A072669E72600F6880B /* CurrencyViewController.swift */,
				755C899F26C1ABC100C6581A /* currencyDropAndDrag.swift */,
				75AD2A0A266A006C00F6880B /* CurrencyTableViewCell.xib */,
				75A2AA4D266ED4F600B86DAC /* AddCurrency */,
			);
			path = Currency;
			sourceTree = "<group>";
		};
		75D28019268AF741000BA1EE /* TodayBalance */ = {
			isa = PBXGroup;
			children = (
				75D28017268AF710000BA1EE /* TodayBalanceViewController.swift */,
				75051EE926AAEC7000B9CC5F /* Checkmark.swift */,
				75262B28268E6B8700D7F38E /* View */,
				753EACB0268E388C00860745 /* Cell */,
			);
			path = TodayBalance;
			sourceTree = "<group>";
		};
		75E8FBE1255D0F55007CB6E5 /* ContainerView */ = {
			isa = PBXGroup;
			children = (
				755E675C25FE024B0049E113 /* ContainerViewController.swift */,
				7548192A25D4CA7700C20A01 /* LineChart */,
			);
			path = ContainerView;
			sourceTree = "<group>";
		};
		75EA2AE324CDDB8200D03E95 = {
			isa = PBXGroup;
			children = (
				75EA2AEE24CDDB8200D03E95 /* CashApp */,
				75EA2AED24CDDB8200D03E95 /* Products */,
				19F227CD0366FC3A212E34A5 /* Pods */,
				6189A40346D8C968D96A8B45 /* Frameworks */,
			);
			sourceTree = "<group>";
		};
		75EA2AED24CDDB8200D03E95 /* Products */ = {
			isa = PBXGroup;
			children = (
				75EA2AEC24CDDB8200D03E95 /* CashApp.app */,
			);
			name = Products;
			sourceTree = "<group>";
		};
		75EA2AEE24CDDB8200D03E95 /* CashApp */ = {
			isa = PBXGroup;
			children = (
				75EE502D2571844C007A7E97 /* DropDownTableView.swift */,
				75EA2AEF24CDDB8200D03E95 /* AppDelegate.swift */,
				75EA2AF124CDDB8200D03E95 /* SceneDelegate.swift */,
				7529F98D267493EE00087F46 /* ThemeManager.swift */,
				757D64AE25250688008CDEE1 /* Extensions */,
				75EDDC35250AD352000C0E27 /* AnyOptions.swift */,
				757F8F3925402E5600F0B1D0 /* Animations.swift */,
				75D28015268AE1E6000BA1EE /* layout.swift */,
				7578BE3A269666E70063D087 /* AlertView */,
				7529F98C26748D5E00087F46 /* Calendar */,
				756FC72E2643055600327BAC /* CurrencyModel */,
				7528F6C0253B08A4004B210B /* Model */,
				757E4B5D25E003F200D8A7F7 /* QuickPayViewController */,
				755DE795262DD72C00CA835D /* Categories */,
				754D66EA2631C53600B2383C /* PopUpMenu */,
				75F585352619D06200355CBF /* Scheduler */,
				751573C7255C12130075C3B8 /* Accounts */,
				75D28019268AF741000BA1EE /* TodayBalance */,
				75AD2A092669EA5A00F6880B /* Currency */,
				758F857524D2E9E9007CD161 /* HomeView */,
				75B59B6E262DE57600DFCCCD /* AddCollectionViewCell.swift */,
				75B59B6F262DE57600DFCCCD /* AddCollectionViewCell.xib */,
				75EA2AF524CDDB8200D03E95 /* Main.storyboard */,
				7552BFE526169CBC00BACB65 /* MainTabBarController.swift */,
				75EA2AF824CDDB8B00D03E95 /* Assets.xcassets */,
				75EA2AFA24CDDB8B00D03E95 /* LaunchScreen.storyboard */,
				75EA2AFD24CDDB8B00D03E95 /* Info.plist */,
				7559A47B26C7D00800EDF287 /* Localize */,
				758BFC9426BF6FC700F150FF /* Ubuntu-M.ttf */,
				759B42A426BFC9DA00149A49 /* Ubuntu-B.ttf */,
				75CB7AA4255D50DA00451F1D /* SF-Pro-Text-Bold.otf */,
				75CB7AA2255D50DA00451F1D /* SF-Pro-Text-Light.otf */,
				75CB7AA3255D50DA00451F1D /* SF-Pro-Text-Medium.otf */,
				75CB7AA5255D50DA00451F1D /* SF-Pro-Text-Regular.otf */,
				75CB7A9D255D4E6000451F1D /* SF-Pro-Rounded-Light.otf */,
				75CB7A9B255D4E6000451F1D /* SF-Pro-Rounded-Medium.otf */,
				75CB7A9C255D4E6000451F1D /* SF-Pro-Rounded-Regular.otf */,
			);
			path = CashApp;
			sourceTree = "<group>";
		};
		75F585352619D06200355CBF /* Scheduler */ = {
			isa = PBXGroup;
			children = (
				750888AD26877ED00037C804 /* Controller */,
				750888AC26877E850037C804 /* Cell */,
			);
			name = Scheduler;
			sourceTree = "<group>";
		};
/* End PBXGroup section */

/* Begin PBXNativeTarget section */
		75EA2AEB24CDDB8200D03E95 /* CashApp */ = {
			isa = PBXNativeTarget;
			buildConfigurationList = 75EA2B0024CDDB8B00D03E95 /* Build configuration list for PBXNativeTarget "CashApp" */;
			buildPhases = (
				7BCBF88848F0CD140B89C86F /* [CP] Check Pods Manifest.lock */,
				75EA2AE824CDDB8200D03E95 /* Sources */,
				75EA2AE924CDDB8200D03E95 /* Frameworks */,
				75EA2AEA24CDDB8200D03E95 /* Resources */,
				1C9A9A6002A5767D16CE1102 /* [CP] Embed Pods Frameworks */,
			);
			buildRules = (
			);
			dependencies = (
			);
			name = CashApp;
			productName = CashApp;
			productReference = 75EA2AEC24CDDB8200D03E95 /* CashApp.app */;
			productType = "com.apple.product-type.application";
		};
/* End PBXNativeTarget section */

/* Begin PBXProject section */
		75EA2AE424CDDB8200D03E95 /* Project object */ = {
			isa = PBXProject;
			attributes = {
				LastSwiftUpdateCheck = 1160;
				LastUpgradeCheck = 1200;
				ORGANIZATIONNAME = "Артур";
				TargetAttributes = {
					75EA2AEB24CDDB8200D03E95 = {
						CreatedOnToolsVersion = 11.6;
					};
				};
			};
			buildConfigurationList = 75EA2AE724CDDB8200D03E95 /* Build configuration list for PBXProject "CashApp" */;
			compatibilityVersion = "Xcode 9.3";
			developmentRegion = en;
			hasScannedForEncodings = 0;
			knownRegions = (
				en,
				Base,
				ru,
				de,
			);
			mainGroup = 75EA2AE324CDDB8200D03E95;
			productRefGroup = 75EA2AED24CDDB8200D03E95 /* Products */;
			projectDirPath = "";
			projectRoot = "";
			targets = (
				75EA2AEB24CDDB8200D03E95 /* CashApp */,
			);
		};
/* End PBXProject section */

/* Begin PBXResourcesBuildPhase section */
		75EA2AEA24CDDB8200D03E95 /* Resources */ = {
			isa = PBXResourcesBuildPhase;
			buildActionMask = 2147483647;
			files = (
				75CB7AA9255D50DA00451F1D /* SF-Pro-Text-Regular.otf in Resources */,
				75EA2AFC24CDDB8B00D03E95 /* LaunchScreen.storyboard in Resources */,
				75CB7A9E255D4E6000451F1D /* SF-Pro-Rounded-Medium.otf in Resources */,
				75CB7AA6255D50DA00451F1D /* SF-Pro-Text-Light.otf in Resources */,
				759130CB25F10EF9009F2C93 /* AccountCollectionViewCell.xib in Resources */,
				75A2AA51266ED79700B86DAC /* AddCurrencyTableViewCell.xib in Resources */,
				759B42A526BFC9E000149A49 /* Ubuntu-B.ttf in Resources */,
				75EA2AF924CDDB8B00D03E95 /* Assets.xcassets in Resources */,
				7523BD322697F67400F00762 /* MiniAlertView.xib in Resources */,
				75CB7AA0255D4E6000451F1D /* SF-Pro-Rounded-Light.otf in Resources */,
				75CB7AA8255D50DA00451F1D /* SF-Pro-Text-Bold.otf in Resources */,
				7578BE39269666CA0063D087 /* AlertViewController.xib in Resources */,
				750EF5DA26A7FBBF000FF9D2 /* CreateOperationCell.xib in Resources */,
				7591F19A26A480600073A1F8 /* OperationCell.xib in Resources */,
				753EACAF268E388100860745 /* TodayBalanceTableViewCell.xib in Resources */,
				759FA92C26189BA600502172 /* MainTableViewCell.xib in Resources */,
				75B59B71262DE57600DFCCCD /* AddCollectionViewCell.xib in Resources */,
				7559A48326C7D4E800EDF287 /* Localizable.strings in Resources */,
				75EA2AF724CDDB8200D03E95 /* Main.storyboard in Resources */,
				7575718525FFA02F00C2F663 /* LineChartCell.xib in Resources */,
				75CB7A9F255D4E6000451F1D /* SF-Pro-Rounded-Regular.otf in Resources */,
				758BFC9526BF6FC700F150FF /* Ubuntu-M.ttf in Resources */,
				75D3A1182688BE1200E3BEAE /* CreateScheduleCell.xib in Resources */,
				75AD2A0B266A006C00F6880B /* CurrencyTableViewCell.xib in Resources */,
				7539D3CC2637962A00A966BB /* SelectDateTableViewCell.xib in Resources */,
				750888AB26877E710037C804 /* SchedulerTableViewCell.xib in Resources */,
				75C328F72571A12100E9CAD4 /* DropDownTableViewCell.xib in Resources */,
				75CB7AA7255D50DA00451F1D /* SF-Pro-Text-Medium.otf in Resources */,
			);
			runOnlyForDeploymentPostprocessing = 0;
		};
/* End PBXResourcesBuildPhase section */

/* Begin PBXShellScriptBuildPhase section */
		1C9A9A6002A5767D16CE1102 /* [CP] Embed Pods Frameworks */ = {
			isa = PBXShellScriptBuildPhase;
			buildActionMask = 2147483647;
			files = (
			);
			inputFileListPaths = (
				"${PODS_ROOT}/Target Support Files/Pods-CashApp/Pods-CashApp-frameworks-${CONFIGURATION}-input-files.xcfilelist",
			);
			name = "[CP] Embed Pods Frameworks";
			outputFileListPaths = (
				"${PODS_ROOT}/Target Support Files/Pods-CashApp/Pods-CashApp-frameworks-${CONFIGURATION}-output-files.xcfilelist",
			);
			runOnlyForDeploymentPostprocessing = 0;
			shellPath = /bin/sh;
			shellScript = "\"${PODS_ROOT}/Target Support Files/Pods-CashApp/Pods-CashApp-frameworks.sh\"\n";
			showEnvVarsInLog = 0;
		};
		7BCBF88848F0CD140B89C86F /* [CP] Check Pods Manifest.lock */ = {
			isa = PBXShellScriptBuildPhase;
			buildActionMask = 2147483647;
			files = (
			);
			inputFileListPaths = (
			);
			inputPaths = (
				"${PODS_PODFILE_DIR_PATH}/Podfile.lock",
				"${PODS_ROOT}/Manifest.lock",
			);
			name = "[CP] Check Pods Manifest.lock";
			outputFileListPaths = (
			);
			outputPaths = (
				"$(DERIVED_FILE_DIR)/Pods-CashApp-checkManifestLockResult.txt",
			);
			runOnlyForDeploymentPostprocessing = 0;
			shellPath = /bin/sh;
			shellScript = "diff \"${PODS_PODFILE_DIR_PATH}/Podfile.lock\" \"${PODS_ROOT}/Manifest.lock\" > /dev/null\nif [ $? != 0 ] ; then\n    # print error to STDERR\n    echo \"error: The sandbox is not in sync with the Podfile.lock. Run 'pod install' or update your CocoaPods installation.\" >&2\n    exit 1\nfi\n# This output is used by Xcode 'outputs' to avoid re-running this script phase.\necho \"SUCCESS\" > \"${SCRIPT_OUTPUT_FILE_0}\"\n";
			showEnvVarsInLog = 0;
		};
/* End PBXShellScriptBuildPhase section */

/* Begin PBXSourcesBuildPhase section */
		75EA2AE824CDDB8200D03E95 /* Sources */ = {
			isa = PBXSourcesBuildPhase;
			buildActionMask = 2147483647;
			files = (
				75B59B70262DE57600DFCCCD /* AddCollectionViewCell.swift in Sources */,
				75AE325125239E30004422F4 /* AccountsViewController.swift in Sources */,
				7552BFE626169CBC00BACB65 /* MainTabBarController.swift in Sources */,
				754D66ED2631C90C00B2383C /* PopUpTableViewController.swift in Sources */,
				75D28016268AE1E6000BA1EE /* layout.swift in Sources */,
				75C0DF762524D52400D5B0FA /* CalendarView.swift in Sources */,
				754F15F326681A44002250BB /* EnlargeSecondTableViewCell.swift in Sources */,
				7575718425FFA02F00C2F663 /* LineChartCell.swift in Sources */,
				759130CA25F10EF9009F2C93 /* AccountCollectionViewCell.swift in Sources */,
				7527E187261F7F4500DEF5AD /* AddScheduleViewController.swift in Sources */,
				7539D3CB2637962A00A966BB /* PopTableViewCell.swift in Sources */,
				75CB207A2509E26800152EFF /* SegmentedControl.swift in Sources */,
				7510F83E2509A87600030A52 /* CategoriesViewController.swift in Sources */,
				75CEC755261F10F3001184CD /* NumberTextField.swift in Sources */,
				754F15F12667AA3C002250BB /* EnlargeTableViewCell.swift in Sources */,
				759FA92B26189BA600502172 /* MainTableViewCell.swift in Sources */,
				75F585332619B7A700355CBF /* SchedulerViewController.swift in Sources */,
				757F8F3A25402E5600F0B1D0 /* Animations.swift in Sources */,
				755DE793262DD70D00CA835D /* IconsCollectionView.swift in Sources */,
				755C89A026C1ABC100C6581A /* currencyDropAndDrag.swift in Sources */,
				7509C5952603675D00BD34D4 /* CustomProgressBar.swift in Sources */,
				75FF12F826B98C7F002E1321 /* ChartView.swift in Sources */,
				75051EEA26AAEC7000B9CC5F /* Checkmark.swift in Sources */,
				756FC729264304B300327BAC /* CurrencyModelController.swift in Sources */,
				7522652E24D1D55700D30CD6 /* Model.swift in Sources */,
				7507A61A253BAA2D0029EF44 /* ModelController.swift in Sources */,
				7560D034259482E700E496B0 /* QuickPayViewController.swift in Sources */,
				75D9DE7E253B6294007677BA /* AddOperationViewController.swift in Sources */,
				75727D372694F67F000BC7DE /* SelectSchedulerTypeViewController.swift in Sources */,
				755E675D25FE024B0049E113 /* ContainerViewController.swift in Sources */,
				750EF5D926A7FBBF000FF9D2 /* CreateOperationCell.swift in Sources */,
				75EE502E2571844C007A7E97 /* DropDownTableView.swift in Sources */,
				7545C91C25AFD06000042332 /* AccountsHistory.swift in Sources */,
				75AE5A9325CCAC25006AC7E0 /* ChartsView.swift in Sources */,
				75EA2AF424CDDB8200D03E95 /* HomeViewController.swift in Sources */,
				75A2AA4C266ED4D800B86DAC /* AddCurrencyTableViewController.swift in Sources */,
				7537E58025DEF0730019768C /* QuickTableView.swift in Sources */,
				757D64AB25250679008CDEE1 /* DateSettings.swift in Sources */,
				75262B27268E6B7E00D7F38E /* CircleView.swift in Sources */,
				754F15EE2667A9F8002250BB /* EnlargeTableView.swift in Sources */,
				75FA2BB2253B066800E8CCD8 /* Colors.swift in Sources */,
				757E4B5B25E003E100D8A7F7 /* QuickTableVIewCell.swift in Sources */,
				750888A7268764260037C804 /* CalendarSchedulerViewController.swift in Sources */,
				753180AE258A235200AC6B7A /* PickTypePopUpTableViewController.swift in Sources */,
				75A974BF26CE9D2A0053583B /* SideMenuViewController.swift in Sources */,
				7578BE38269666CA0063D087 /* AlertViewController.swift in Sources */,
				757B99542689549D005FB908 /* HeaderView.swift in Sources */,
				7591F19926A480600073A1F8 /* OperationCell.swift in Sources */,
				7529F98E267493EE00087F46 /* ThemeManager.swift in Sources */,
				756FC72A264304B300327BAC /* CurrencyModel.swift in Sources */,
				75A2AA50266ED79700B86DAC /* AddCurrencyTableViewCell.swift in Sources */,
				7571AD1E25B9CD2800E17429 /* AddAccountViewController.swift in Sources */,
				75D8D72B25DD38DA00B5FAC9 /* FSCalendarView.swift in Sources */,
				757F8F3025402BBB00F0B1D0 /* DBManager.swift in Sources */,
				75DE7E93269418F700528666 /* STSwitch.swift in Sources */,
				758F854B24D2CF0A007CD161 /* TableViewCell.swift in Sources */,
				75D28018268AF710000BA1EE /* TodayBalanceViewController.swift in Sources */,
				750888AA26877E710037C804 /* SchedulerTableViewCell.swift in Sources */,
				75AD2A082669E72600F6880B /* CurrencyViewController.swift in Sources */,
				753EACAE268E388000860745 /* TodayBalanceTableViewCell.swift in Sources */,
				7523BD342697F6B400F00762 /* MiniAlertView.swift in Sources */,
				75D3A1172688BE1200E3BEAE /* CreateScheduleCell.swift in Sources */,
				7528447C2695701400699B0E /* EditScheduler.swift in Sources */,
				75EA2AF024CDDB8200D03E95 /* AppDelegate.swift in Sources */,
				753EACB2268E619500860745 /* DIYCalendarCell.swift in Sources */,
				7545E1B1255C45F600454803 /* LineChartContainerViewController.swift in Sources */,
				75EA2AF224CDDB8200D03E95 /* SceneDelegate.swift in Sources */,
				75EDDC36250AD352000C0E27 /* AnyOptions.swift in Sources */,
			);
			runOnlyForDeploymentPostprocessing = 0;
		};
/* End PBXSourcesBuildPhase section */

/* Begin PBXVariantGroup section */
		7559A48526C7D4E800EDF287 /* Localizable.strings */ = {
			isa = PBXVariantGroup;
			children = (
				7559A48426C7D4E800EDF287 /* en */,
				7559A48626C7D4EA00EDF287 /* de */,
				7559A48726C7D4EF00EDF287 /* ru */,
			);
			name = Localizable.strings;
			sourceTree = "<group>";
		};
		75EA2AF524CDDB8200D03E95 /* Main.storyboard */ = {
			isa = PBXVariantGroup;
			children = (
				75EA2AF624CDDB8200D03E95 /* Base */,
				7559A47626C7C61A00EDF287 /* ru */,
				7559A47726C7C7D200EDF287 /* de */,
			);
			name = Main.storyboard;
			sourceTree = "<group>";
		};
		75EA2AFA24CDDB8B00D03E95 /* LaunchScreen.storyboard */ = {
			isa = PBXVariantGroup;
			children = (
				75EA2AFB24CDDB8B00D03E95 /* Base */,
			);
			name = LaunchScreen.storyboard;
			sourceTree = "<group>";
		};
/* End PBXVariantGroup section */

/* Begin XCBuildConfiguration section */
		75EA2AFE24CDDB8B00D03E95 /* Debug */ = {
			isa = XCBuildConfiguration;
			buildSettings = {
				ALWAYS_SEARCH_USER_PATHS = NO;
				CLANG_ANALYZER_LOCALIZABILITY_NONLOCALIZED = YES;
				CLANG_ANALYZER_NONNULL = YES;
				CLANG_ANALYZER_NUMBER_OBJECT_CONVERSION = YES_AGGRESSIVE;
				CLANG_CXX_LANGUAGE_STANDARD = "gnu++14";
				CLANG_CXX_LIBRARY = "libc++";
				CLANG_ENABLE_MODULES = YES;
				CLANG_ENABLE_OBJC_ARC = YES;
				CLANG_ENABLE_OBJC_WEAK = YES;
				CLANG_WARN_BLOCK_CAPTURE_AUTORELEASING = YES;
				CLANG_WARN_BOOL_CONVERSION = YES;
				CLANG_WARN_COMMA = YES;
				CLANG_WARN_CONSTANT_CONVERSION = YES;
				CLANG_WARN_DEPRECATED_OBJC_IMPLEMENTATIONS = YES;
				CLANG_WARN_DIRECT_OBJC_ISA_USAGE = YES_ERROR;
				CLANG_WARN_DOCUMENTATION_COMMENTS = YES;
				CLANG_WARN_EMPTY_BODY = YES;
				CLANG_WARN_ENUM_CONVERSION = YES;
				CLANG_WARN_INFINITE_RECURSION = YES;
				CLANG_WARN_INT_CONVERSION = YES;
				CLANG_WARN_NON_LITERAL_NULL_CONVERSION = YES;
				CLANG_WARN_OBJC_IMPLICIT_RETAIN_SELF = YES;
				CLANG_WARN_OBJC_LITERAL_CONVERSION = YES;
				CLANG_WARN_OBJC_ROOT_CLASS = YES_ERROR;
				CLANG_WARN_QUOTED_INCLUDE_IN_FRAMEWORK_HEADER = YES;
				CLANG_WARN_RANGE_LOOP_ANALYSIS = YES;
				CLANG_WARN_STRICT_PROTOTYPES = YES;
				CLANG_WARN_SUSPICIOUS_MOVE = YES;
				CLANG_WARN_UNGUARDED_AVAILABILITY = YES_AGGRESSIVE;
				CLANG_WARN_UNREACHABLE_CODE = YES;
				CLANG_WARN__DUPLICATE_METHOD_MATCH = YES;
				COPY_PHASE_STRIP = NO;
				DEBUG_INFORMATION_FORMAT = dwarf;
				ENABLE_STRICT_OBJC_MSGSEND = YES;
				ENABLE_TESTABILITY = YES;
				EXCLUDED_ARCHS = "";
				"EXCLUDED_ARCHS[sdk=iphonesimulator*]" = arm64;
				GCC_C_LANGUAGE_STANDARD = gnu11;
				GCC_DYNAMIC_NO_PIC = NO;
				GCC_NO_COMMON_BLOCKS = YES;
				GCC_OPTIMIZATION_LEVEL = 0;
				GCC_PREPROCESSOR_DEFINITIONS = (
					"DEBUG=1",
					"$(inherited)",
				);
				GCC_WARN_64_TO_32_BIT_CONVERSION = YES;
				GCC_WARN_ABOUT_RETURN_TYPE = YES_ERROR;
				GCC_WARN_UNDECLARED_SELECTOR = YES;
				GCC_WARN_UNINITIALIZED_AUTOS = YES_AGGRESSIVE;
				GCC_WARN_UNUSED_FUNCTION = YES;
				GCC_WARN_UNUSED_VARIABLE = YES;
				IPHONEOS_DEPLOYMENT_TARGET = 14.5;
				MTL_ENABLE_DEBUG_INFO = INCLUDE_SOURCE;
				MTL_FAST_MATH = YES;
				ONLY_ACTIVE_ARCH = YES;
				SDKROOT = iphoneos;
				SWIFT_ACTIVE_COMPILATION_CONDITIONS = DEBUG;
				SWIFT_OPTIMIZATION_LEVEL = "-Onone";
			};
			name = Debug;
		};
		75EA2AFF24CDDB8B00D03E95 /* Release */ = {
			isa = XCBuildConfiguration;
			buildSettings = {
				ALWAYS_SEARCH_USER_PATHS = NO;
				CLANG_ANALYZER_LOCALIZABILITY_NONLOCALIZED = YES;
				CLANG_ANALYZER_NONNULL = YES;
				CLANG_ANALYZER_NUMBER_OBJECT_CONVERSION = YES_AGGRESSIVE;
				CLANG_CXX_LANGUAGE_STANDARD = "gnu++14";
				CLANG_CXX_LIBRARY = "libc++";
				CLANG_ENABLE_MODULES = YES;
				CLANG_ENABLE_OBJC_ARC = YES;
				CLANG_ENABLE_OBJC_WEAK = YES;
				CLANG_WARN_BLOCK_CAPTURE_AUTORELEASING = YES;
				CLANG_WARN_BOOL_CONVERSION = YES;
				CLANG_WARN_COMMA = YES;
				CLANG_WARN_CONSTANT_CONVERSION = YES;
				CLANG_WARN_DEPRECATED_OBJC_IMPLEMENTATIONS = YES;
				CLANG_WARN_DIRECT_OBJC_ISA_USAGE = YES_ERROR;
				CLANG_WARN_DOCUMENTATION_COMMENTS = YES;
				CLANG_WARN_EMPTY_BODY = YES;
				CLANG_WARN_ENUM_CONVERSION = YES;
				CLANG_WARN_INFINITE_RECURSION = YES;
				CLANG_WARN_INT_CONVERSION = YES;
				CLANG_WARN_NON_LITERAL_NULL_CONVERSION = YES;
				CLANG_WARN_OBJC_IMPLICIT_RETAIN_SELF = YES;
				CLANG_WARN_OBJC_LITERAL_CONVERSION = YES;
				CLANG_WARN_OBJC_ROOT_CLASS = YES_ERROR;
				CLANG_WARN_QUOTED_INCLUDE_IN_FRAMEWORK_HEADER = YES;
				CLANG_WARN_RANGE_LOOP_ANALYSIS = YES;
				CLANG_WARN_STRICT_PROTOTYPES = YES;
				CLANG_WARN_SUSPICIOUS_MOVE = YES;
				CLANG_WARN_UNGUARDED_AVAILABILITY = YES_AGGRESSIVE;
				CLANG_WARN_UNREACHABLE_CODE = YES;
				CLANG_WARN__DUPLICATE_METHOD_MATCH = YES;
				COPY_PHASE_STRIP = NO;
				DEBUG_INFORMATION_FORMAT = "dwarf-with-dsym";
				ENABLE_NS_ASSERTIONS = NO;
				ENABLE_STRICT_OBJC_MSGSEND = YES;
				EXCLUDED_ARCHS = "";
				"EXCLUDED_ARCHS[sdk=iphonesimulator*]" = arm64;
				GCC_C_LANGUAGE_STANDARD = gnu11;
				GCC_NO_COMMON_BLOCKS = YES;
				GCC_WARN_64_TO_32_BIT_CONVERSION = YES;
				GCC_WARN_ABOUT_RETURN_TYPE = YES_ERROR;
				GCC_WARN_UNDECLARED_SELECTOR = YES;
				GCC_WARN_UNINITIALIZED_AUTOS = YES_AGGRESSIVE;
				GCC_WARN_UNUSED_FUNCTION = YES;
				GCC_WARN_UNUSED_VARIABLE = YES;
				IPHONEOS_DEPLOYMENT_TARGET = 14.5;
				MTL_ENABLE_DEBUG_INFO = NO;
				MTL_FAST_MATH = YES;
				SDKROOT = iphoneos;
				SWIFT_COMPILATION_MODE = wholemodule;
				SWIFT_OPTIMIZATION_LEVEL = "-O";
				VALIDATE_PRODUCT = YES;
			};
			name = Release;
		};
		75EA2B0124CDDB8B00D03E95 /* Debug */ = {
			isa = XCBuildConfiguration;
			baseConfigurationReference = B7079BB9EFF631A89368A655 /* Pods-CashApp.debug.xcconfig */;
			buildSettings = {
				ASSETCATALOG_COMPILER_APPICON_NAME = AppIcon;
				CODE_SIGN_IDENTITY = "iPhone Distribution";
				CODE_SIGN_STYLE = Manual;
				DEVELOPMENT_TEAM = 6TVC5Q5R78;
				INFOPLIST_FILE = CashApp/Info.plist;
				IPHONEOS_DEPLOYMENT_TARGET = 13.6;
				LD_RUNPATH_SEARCH_PATHS = (
					"$(inherited)",
					"@executable_path/Frameworks",
				);
				PRODUCT_BUNDLE_IDENTIFIER = By.Artur.CashApp;
				PRODUCT_NAME = "$(TARGET_NAME)";
				PROVISIONING_PROFILE_SPECIFIER = CashApp;
				SWIFT_VERSION = 5.0;
				TARGETED_DEVICE_FAMILY = 1;
			};
			name = Debug;
		};
		75EA2B0224CDDB8B00D03E95 /* Release */ = {
			isa = XCBuildConfiguration;
			baseConfigurationReference = 605404CDC3E38FEE7EA83F7F /* Pods-CashApp.release.xcconfig */;
			buildSettings = {
				ASSETCATALOG_COMPILER_APPICON_NAME = AppIcon;
				CODE_SIGN_IDENTITY = "iPhone Distribution";
				CODE_SIGN_STYLE = Manual;
				DEVELOPMENT_TEAM = 6TVC5Q5R78;
				INFOPLIST_FILE = CashApp/Info.plist;
				IPHONEOS_DEPLOYMENT_TARGET = 13.6;
				LD_RUNPATH_SEARCH_PATHS = (
					"$(inherited)",
					"@executable_path/Frameworks",
				);
				PRODUCT_BUNDLE_IDENTIFIER = By.Artur.CashApp;
				PRODUCT_NAME = "$(TARGET_NAME)";
				PROVISIONING_PROFILE_SPECIFIER = CashApp;
				SWIFT_VERSION = 5.0;
				TARGETED_DEVICE_FAMILY = 1;
			};
			name = Release;
		};
/* End XCBuildConfiguration section */

/* Begin XCConfigurationList section */
		75EA2AE724CDDB8200D03E95 /* Build configuration list for PBXProject "CashApp" */ = {
			isa = XCConfigurationList;
			buildConfigurations = (
				75EA2AFE24CDDB8B00D03E95 /* Debug */,
				75EA2AFF24CDDB8B00D03E95 /* Release */,
			);
			defaultConfigurationIsVisible = 0;
			defaultConfigurationName = Release;
		};
		75EA2B0024CDDB8B00D03E95 /* Build configuration list for PBXNativeTarget "CashApp" */ = {
			isa = XCConfigurationList;
			buildConfigurations = (
				75EA2B0124CDDB8B00D03E95 /* Debug */,
				75EA2B0224CDDB8B00D03E95 /* Release */,
			);
			defaultConfigurationIsVisible = 0;
			defaultConfigurationName = Release;
		};
/* End XCConfigurationList section */
	};
	rootObject = 75EA2AE424CDDB8200D03E95 /* Project object */;
}
